
Microsoft Visual Studio Solution File, Format Version 12.00
# Visual Studio Version 17
VisualStudioVersion = 17.0.31903.59
MinimumVisualStudioVersion = 10.0.40219.1
Project("{FAE04EC0-301F-11D3-BF4B-00C04F79EFBC}") = "ChatApp", "ChatApp\ChatApp.csproj", "{6E7ADC88-36BF-4144-9D1A-87F24253AEEA}"
EndProject
Project("{FAE04EC0-301F-11D3-BF4B-00C04F79EFBC}") = "ChatApp.Data", "ChatApp.Data\ChatApp.Data.csproj", "{4C913139-2D95-423C-B698-7CD7D81CB7B0}"
EndProject
Project("{FAE04EC0-301F-11D3-BF4B-00C04F79EFBC}") = "ChatApp.Services", "ChatApp.Services\ChatApp.Services.csproj", "{5D3F8A68-097D-4641-9735-CF645B68A07E}"
EndProject
Global
	GlobalSection(SolutionConfigurationPlatforms) = preSolution
		Debug|Any CPU = Debug|Any CPU
		Release|Any CPU = Release|Any CPU
	EndGlobalSection
	GlobalSection(SolutionProperties) = preSolution
		HideSolutionNode = FALSE
	EndGlobalSection
	GlobalSection(ProjectConfigurationPlatforms) = postSolution
		{6E7ADC88-36BF-4144-9D1A-87F24253AEEA}.Debug|Any CPU.ActiveCfg = Debug|Any CPU
		{6E7ADC88-36BF-4144-9D1A-87F24253AEEA}.Debug|Any CPU.Build.0 = Debug|Any CPU
		{6E7ADC88-36BF-4144-9D1A-87F24253AEEA}.Release|Any CPU.ActiveCfg = Release|Any CPU
		{6E7ADC88-36BF-4144-9D1A-87F24253AEEA}.Release|Any CPU.Build.0 = Release|Any CPU
		{4C913139-2D95-423C-B698-7CD7D81CB7B0}.Debug|Any CPU.ActiveCfg = Debug|Any CPU
		{4C913139-2D95-423C-B698-7CD7D81CB7B0}.Debug|Any CPU.Build.0 = Debug|Any CPU
		{4C913139-2D95-423C-B698-7CD7D81CB7B0}.Release|Any CPU.ActiveCfg = Release|Any CPU
		{4C913139-2D95-423C-B698-7CD7D81CB7B0}.Release|Any CPU.Build.0 = Release|Any CPU
		{5D3F8A68-097D-4641-9735-CF645B68A07E}.Debug|Any CPU.ActiveCfg = Debug|Any CPU
		{5D3F8A68-097D-4641-9735-CF645B68A07E}.Debug|Any CPU.Build.0 = Debug|Any CPU
		{5D3F8A68-097D-4641-9735-CF645B68A07E}.Release|Any CPU.ActiveCfg = Release|Any CPU
		{5D3F8A68-097D-4641-9735-CF645B68A07E}.Release|Any CPU.Build.0 = Release|Any CPU
	EndGlobalSection
EndGlobal
